// !$*UTF8*$!
{
	archiveVersion = 1;
	classes = {
	};
	objectVersion = 50;
	objects = {

/* Begin PBXBuildFile section */
		5903E4832492977100E3CDB9 /* AppDelegate.swift in Sources */ = {isa = PBXBuildFile; fileRef = 5903E4822492977100E3CDB9 /* AppDelegate.swift */; };
		5903E4852492977100E3CDB9 /* SceneDelegate.swift in Sources */ = {isa = PBXBuildFile; fileRef = 5903E4842492977100E3CDB9 /* SceneDelegate.swift */; };
		5903E4872492977100E3CDB9 /* ContentView.swift in Sources */ = {isa = PBXBuildFile; fileRef = 5903E4862492977100E3CDB9 /* ContentView.swift */; };
		5903E4892492977200E3CDB9 /* Assets.xcassets in Resources */ = {isa = PBXBuildFile; fileRef = 5903E4882492977200E3CDB9 /* Assets.xcassets */; };
		5903E48C2492977200E3CDB9 /* Preview Assets.xcassets in Resources */ = {isa = PBXBuildFile; fileRef = 5903E48B2492977200E3CDB9 /* Preview Assets.xcassets */; };
		5903E48F2492977200E3CDB9 /* LaunchScreen.storyboard in Resources */ = {isa = PBXBuildFile; fileRef = 5903E48D2492977200E3CDB9 /* LaunchScreen.storyboard */; };
		5903E499249297A400E3CDB9 /* Browsing1.swift in Sources */ = {isa = PBXBuildFile; fileRef = 5903E498249297A400E3CDB9 /* Browsing1.swift */; };
		5903E49B249297B300E3CDB9 /* Browsing2.swift in Sources */ = {isa = PBXBuildFile; fileRef = 5903E49A249297B300E3CDB9 /* Browsing2.swift */; };
		5903E49D249297BD00E3CDB9 /* Browsing3.swift in Sources */ = {isa = PBXBuildFile; fileRef = 5903E49C249297BC00E3CDB9 /* Browsing3.swift */; };
		5903E4A0249297F300E3CDB9 /* ColorExtensions.swift in Sources */ = {isa = PBXBuildFile; fileRef = 5903E49F249297F300E3CDB9 /* ColorExtensions.swift */; };
		5903E4A22492980D00E3CDB9 /* BackgroundRadialGradient.swift in Sources */ = {isa = PBXBuildFile; fileRef = 5903E4A12492980D00E3CDB9 /* BackgroundRadialGradient.swift */; };
		5903E4A42492982900E3CDB9 /* BackgroundLinearGradient.swift in Sources */ = {isa = PBXBuildFile; fileRef = 5903E4A32492982900E3CDB9 /* BackgroundLinearGradient.swift */; };
		5903E4A62492983E00E3CDB9 /* SecondaryBackgroundGradient.swift in Sources */ = {isa = PBXBuildFile; fileRef = 5903E4A52492983E00E3CDB9 /* SecondaryBackgroundGradient.swift */; };
/* End PBXBuildFile section */

/* Begin PBXFileReference section */
		5903E47F2492977100E3CDB9 /* Challenge 10 Rewards.app */ = {isa = PBXFileReference; explicitFileType = wrapper.application; includeInIndex = 0; path = "Challenge 10 Rewards.app"; sourceTree = BUILT_PRODUCTS_DIR; };
		5903E4822492977100E3CDB9 /* AppDelegate.swift */ = {isa = PBXFileReference; lastKnownFileType = sourcecode.swift; path = AppDelegate.swift; sourceTree = "<group>"; };
		5903E4842492977100E3CDB9 /* SceneDelegate.swift */ = {isa = PBXFileReference; lastKnownFileType = sourcecode.swift; path = SceneDelegate.swift; sourceTree = "<group>"; };
		5903E4862492977100E3CDB9 /* ContentView.swift */ = {isa = PBXFileReference; lastKnownFileType = sourcecode.swift; path = ContentView.swift; sourceTree = "<group>"; };
		5903E4882492977200E3CDB9 /* Assets.xcassets */ = {isa = PBXFileReference; lastKnownFileType = folder.assetcatalog; path = Assets.xcassets; sourceTree = "<group>"; };
		5903E48B2492977200E3CDB9 /* Preview Assets.xcassets */ = {isa = PBXFileReference; lastKnownFileType = folder.assetcatalog; path = "Preview Assets.xcassets"; sourceTree = "<group>"; };
		5903E48E2492977200E3CDB9 /* Base */ = {isa = PBXFileReference; lastKnownFileType = file.storyboard; name = Base; path = Base.lproj/LaunchScreen.storyboard; sourceTree = "<group>"; };
		5903E4902492977200E3CDB9 /* Info.plist */ = {isa = PBXFileReference; lastKnownFileType = text.plist.xml; path = Info.plist; sourceTree = "<group>"; };
		5903E498249297A400E3CDB9 /* Browsing1.swift */ = {isa = PBXFileReference; lastKnownFileType = sourcecode.swift; path = Browsing1.swift; sourceTree = "<group>"; };
		5903E49A249297B300E3CDB9 /* Browsing2.swift */ = {isa = PBXFileReference; lastKnownFileType = sourcecode.swift; path = Browsing2.swift; sourceTree = "<group>"; };
		5903E49C249297BC00E3CDB9 /* Browsing3.swift */ = {isa = PBXFileReference; lastKnownFileType = sourcecode.swift; path = Browsing3.swift; sourceTree = "<group>"; };
		5903E49F249297F300E3CDB9 /* ColorExtensions.swift */ = {isa = PBXFileReference; lastKnownFileType = sourcecode.swift; path = ColorExtensions.swift; sourceTree = "<group>"; };
		5903E4A12492980D00E3CDB9 /* BackgroundRadialGradient.swift */ = {isa = PBXFileReference; lastKnownFileType = sourcecode.swift; path = BackgroundRadialGradient.swift; sourceTree = "<group>"; };
		5903E4A32492982900E3CDB9 /* BackgroundLinearGradient.swift */ = {isa = PBXFileReference; lastKnownFileType = sourcecode.swift; path = BackgroundLinearGradient.swift; sourceTree = "<group>"; };
		5903E4A52492983E00E3CDB9 /* SecondaryBackgroundGradient.swift */ = {isa = PBXFileReference; lastKnownFileType = sourcecode.swift; path = SecondaryBackgroundGradient.swift; sourceTree = "<group>"; };
/* End PBXFileReference section */

/* Begin PBXFrameworksBuildPhase section */
		5903E47C2492977100E3CDB9 /* Frameworks */ = {
			isa = PBXFrameworksBuildPhase;
			buildActionMask = 2147483647;
			files = (
			);
			runOnlyForDeploymentPostprocessing = 0;
		};
/* End PBXFrameworksBuildPhase section */

/* Begin PBXGroup section */
		5903E4762492977100E3CDB9 = {
			isa = PBXGroup;
			children = (
				5903E4812492977100E3CDB9 /* Challenge 10 Rewards */,
				5903E4802492977100E3CDB9 /* Products */,
			);
			sourceTree = "<group>";
		};
		5903E4802492977100E3CDB9 /* Products */ = {
			isa = PBXGroup;
			children = (
				5903E47F2492977100E3CDB9 /* Challenge 10 Rewards.app */,
			);
			name = Products;
			sourceTree = "<group>";
		};
		5903E4812492977100E3CDB9 /* Challenge 10 Rewards */ = {
			isa = PBXGroup;
			children = (
				5903E49E249297E600E3CDB9 /* Resources */,
				5903E4972492978D00E3CDB9 /* Practical Exercise */,
				5903E4962492978200E3CDB9 /* Challenge Rewards */,
				5903E4822492977100E3CDB9 /* AppDelegate.swift */,
				5903E4842492977100E3CDB9 /* SceneDelegate.swift */,
				5903E4862492977100E3CDB9 /* ContentView.swift */,
				5903E4882492977200E3CDB9 /* Assets.xcassets */,
				5903E48D2492977200E3CDB9 /* LaunchScreen.storyboard */,
				5903E4902492977200E3CDB9 /* Info.plist */,
				5903E48A2492977200E3CDB9 /* Preview Content */,
			);
			path = "Challenge 10 Rewards";
			sourceTree = "<group>";
		};
		5903E48A2492977200E3CDB9 /* Preview Content */ = {
			isa = PBXGroup;
			children = (
				5903E48B2492977200E3CDB9 /* Preview Assets.xcassets */,
			);
			path = "Preview Content";
			sourceTree = "<group>";
		};
		5903E4962492978200E3CDB9 /* Challenge Rewards */ = {
			isa = PBXGroup;
			children = (
				5903E49A249297B300E3CDB9 /* Browsing2.swift */,
				5903E49C249297BC00E3CDB9 /* Browsing3.swift */,
			);
			path = "Challenge Rewards";
			sourceTree = "<group>";
		};
		5903E4972492978D00E3CDB9 /* Practical Exercise */ = {
			isa = PBXGroup;
			children = (
				5903E498249297A400E3CDB9 /* Browsing1.swift */,
			);
			path = "Practical Exercise";
			sourceTree = "<group>";
		};
		5903E49E249297E600E3CDB9 /* Resources */ = {
			isa = PBXGroup;
			children = (
				5903E49F249297F300E3CDB9 /* ColorExtensions.swift */,
				5903E4A12492980D00E3CDB9 /* BackgroundRadialGradient.swift */,
				5903E4A32492982900E3CDB9 /* BackgroundLinearGradient.swift */,
				5903E4A52492983E00E3CDB9 /* SecondaryBackgroundGradient.swift */,
			);
			path = Resources;
			sourceTree = "<group>";
		};
/* End PBXGroup section */

/* Begin PBXNativeTarget section */
		5903E47E2492977100E3CDB9 /* Challenge 10 Rewards */ = {
			isa = PBXNativeTarget;
			buildConfigurationList = 5903E4932492977200E3CDB9 /* Build configuration list for PBXNativeTarget "Challenge 10 Rewards" */;
			buildPhases = (
				5903E47B2492977100E3CDB9 /* Sources */,
				5903E47C2492977100E3CDB9 /* Frameworks */,
				5903E47D2492977100E3CDB9 /* Resources */,
			);
			buildRules = (
			);
			dependencies = (
			);
			name = "Challenge 10 Rewards";
			productName = "Challenge 10 Rewards";
			productReference = 5903E47F2492977100E3CDB9 /* Challenge 10 Rewards.app */;
			productType = "com.apple.product-type.application";
		};
/* End PBXNativeTarget section */

/* Begin PBXProject section */
		5903E4772492977100E3CDB9 /* Project object */ = {
			isa = PBXProject;
			attributes = {
				LastSwiftUpdateCheck = 1150;
				LastUpgradeCheck = 1150;
				ORGANIZATIONNAME = "Mark Moeykens";
				TargetAttributes = {
					5903E47E2492977100E3CDB9 = {
						CreatedOnToolsVersion = 11.5;
					};
				};
			};
			buildConfigurationList = 5903E47A2492977100E3CDB9 /* Build configuration list for PBXProject "Challenge 10 Rewards" */;
			compatibilityVersion = "Xcode 9.3";
			developmentRegion = en;
			hasScannedForEncodings = 0;
			knownRegions = (
				en,
				Base,
			);
			mainGroup = 5903E4762492977100E3CDB9;
			productRefGroup = 5903E4802492977100E3CDB9 /* Products */;
			projectDirPath = "";
			projectRoot = "";
			targets = (
				5903E47E2492977100E3CDB9 /* Challenge 10 Rewards */,
			);
		};
/* End PBXProject section */

/* Begin PBXResourcesBuildPhase section */
		5903E47D2492977100E3CDB9 /* Resources */ = {
			isa = PBXResourcesBuildPhase;
			buildActionMask = 2147483647;
			files = (
				5903E48F2492977200E3CDB9 /* LaunchScreen.storyboard in Resources */,
				5903E48C2492977200E3CDB9 /* Preview Assets.xcassets in Resources */,
				5903E4892492977200E3CDB9 /* Assets.xcassets in Resources */,
			);
			runOnlyForDeploymentPostprocessing = 0;
		};
/* End PBXResourcesBuildPhase section */

/* Begin PBXSourcesBuildPhase section */
		5903E47B2492977100E3CDB9 /* Sources */ = {
			isa = PBXSourcesBuildPhase;
			buildActionMask = 2147483647;
			files = (
				5903E49B249297B300E3CDB9 /* Browsing2.swift in Sources */,
				5903E4832492977100E3CDB9 /* AppDelegate.swift in Sources */,
				5903E4A62492983E00E3CDB9 /* SecondaryBackgroundGradient.swift in Sources */,
				5903E49D249297BD00E3CDB9 /* Browsing3.swift in Sources */,
				5903E4852492977100E3CDB9 /* SceneDelegate.swift in Sources */,
				5903E4A22492980D00E3CDB9 /* BackgroundRadialGradient.swift in Sources */,
				5903E499249297A400E3CDB9 /* Browsing1.swift in Sources */,
				5903E4A42492982900E3CDB9 /* BackgroundLinearGradient.swift in Sources */,
				5903E4872492977100E3CDB9 /* ContentView.swift in Sources */,
				5903E4A0249297F300E3CDB9 /* ColorExtensions.swift in Sources */,
			);
			runOnlyForDeploymentPostprocessing = 0;
		};
/* End PBXSourcesBuildPhase section */

/* Begin PBXVariantGroup section */
		5903E48D2492977200E3CDB9 /* LaunchScreen.storyboard */ = {
			isa = PBXVariantGroup;
			children = (
				5903E48E2492977200E3CDB9 /* Base */,
			);
			name = LaunchScreen.storyboard;
			sourceTree = "<group>";
		};
/* End PBXVariantGroup section */

/* Begin XCBuildConfiguration section */
		5903E4912492977200E3CDB9 /* Debug */ = {
			isa = XCBuildConfiguration;
			buildSettings = {
				ALWAYS_SEARCH_USER_PATHS = NO;
				CLANG_ANALYZER_NONNULL = YES;
				CLANG_ANALYZER_NUMBER_OBJECT_CONVERSION = YES_AGGRESSIVE;
				CLANG_CXX_LANGUAGE_STANDARD = "gnu++14";
				CLANG_CXX_LIBRARY = "libc++";
				CLANG_ENABLE_MODULES = YES;
				CLANG_ENABLE_OBJC_ARC = YES;
				CLANG_ENABLE_OBJC_WEAK = YES;
				CLANG_WARN_BLOCK_CAPTURE_AUTORELEASING = YES;
				CLANG_WARN_BOOL_CONVERSION = YES;
				CLANG_WARN_COMMA = YES;
				CLANG_WARN_CONSTANT_CONVERSION = YES;
				CLANG_WARN_DEPRECATED_OBJC_IMPLEMENTATIONS = YES;
				CLANG_WARN_DIRECT_OBJC_ISA_USAGE = YES_ERROR;
				CLANG_WARN_DOCUMENTATION_COMMENTS = YES;
				CLANG_WARN_EMPTY_BODY = YES;
				CLANG_WARN_ENUM_CONVERSION = YES;
				CLANG_WARN_INFINITE_RECURSION = YES;
				CLANG_WARN_INT_CONVERSION = YES;
				CLANG_WARN_NON_LITERAL_NULL_CONVERSION = YES;
				CLANG_WARN_OBJC_IMPLICIT_RETAIN_SELF = YES;
				CLANG_WARN_OBJC_LITERAL_CONVERSION = YES;
				CLANG_WARN_OBJC_ROOT_CLASS = YES_ERROR;
				CLANG_WARN_RANGE_LOOP_ANALYSIS = YES;
				CLANG_WARN_STRICT_PROTOTYPES = YES;
				CLANG_WARN_SUSPICIOUS_MOVE = YES;
				CLANG_WARN_UNGUARDED_AVAILABILITY = YES_AGGRESSIVE;
				CLANG_WARN_UNREACHABLE_CODE = YES;
				CLANG_WARN__DUPLICATE_METHOD_MATCH = YES;
				COPY_PHASE_STRIP = NO;
				DEBUG_INFORMATION_FORMAT = dwarf;
				ENABLE_STRICT_OBJC_MSGSEND = YES;
				ENABLE_TESTABILITY = YES;
				GCC_C_LANGUAGE_STANDARD = gnu11;
				GCC_DYNAMIC_NO_PIC = NO;
				GCC_NO_COMMON_BLOCKS = YES;
				GCC_OPTIMIZATION_LEVEL = 0;
				GCC_PREPROCESSOR_DEFINITIONS = (
					"DEBUG=1",
					"$(inherited)",
				);
				GCC_WARN_64_TO_32_BIT_CONVERSION = YES;
				GCC_WARN_ABOUT_RETURN_TYPE = YES_ERROR;
				GCC_WARN_UNDECLARED_SELECTOR = YES;
				GCC_WARN_UNINITIALIZED_AUTOS = YES_AGGRESSIVE;
				GCC_WARN_UNUSED_FUNCTION = YES;
				GCC_WARN_UNUSED_VARIABLE = YES;
				IPHONEOS_DEPLOYMENT_TARGET = 13.5;
				MTL_ENABLE_DEBUG_INFO = INCLUDE_SOURCE;
				MTL_FAST_MATH = YES;
				ONLY_ACTIVE_ARCH = YES;
				SDKROOT = iphoneos;
				SWIFT_ACTIVE_COMPILATION_CONDITIONS = DEBUG;
				SWIFT_OPTIMIZATION_LEVEL = "-Onone";
			};
			name = Debug;
		};
		5903E4922492977200E3CDB9 /* Release */ = {
			isa = XCBuildConfiguration;
			buildSettings = {
				ALWAYS_SEARCH_USER_PATHS = NO;
				CLANG_ANALYZER_NONNULL = YES;
				CLANG_ANALYZER_NUMBER_OBJECT_CONVERSION = YES_AGGRESSIVE;
				CLANG_CXX_LANGUAGE_STANDARD = "gnu++14";
				CLANG_CXX_LIBRARY = "libc++";
				CLANG_ENABLE_MODULES = YES;
				CLANG_ENABLE_OBJC_ARC = YES;
				CLANG_ENABLE_OBJC_WEAK = YES;
				CLANG_WARN_BLOCK_CAPTURE_AUTORELEASING = YES;
				CLANG_WARN_BOOL_CONVERSION = YES;
				CLANG_WARN_COMMA = YES;
				CLANG_WARN_CONSTANT_CONVERSION = YES;
				CLANG_WARN_DEPRECATED_OBJC_IMPLEMENTATIONS = YES;
				CLANG_WARN_DIRECT_OBJC_ISA_USAGE = YES_ERROR;
				CLANG_WARN_DOCUMENTATION_COMMENTS = YES;
				CLANG_WARN_EMPTY_BODY = YES;
				CLANG_WARN_ENUM_CONVERSION = YES;
				CLANG_WARN_INFINITE_RECURSION = YES;
				CLANG_WARN_INT_CONVERSION = YES;
				CLANG_WARN_NON_LITERAL_NULL_CONVERSION = YES;
				CLANG_WARN_OBJC_IMPLICIT_RETAIN_SELF = YES;
				CLANG_WARN_OBJC_LITERAL_CONVERSION = YES;
				CLANG_WARN_OBJC_ROOT_CLASS = YES_ERROR;
				CLANG_WARN_RANGE_LOOP_ANALYSIS = YES;
				CLANG_WARN_STRICT_PROTOTYPES = YES;
				CLANG_WARN_SUSPICIOUS_MOVE = YES;
				CLANG_WARN_UNGUARDED_AVAILABILITY = YES_AGGRESSIVE;
				CLANG_WARN_UNREACHABLE_CODE = YES;
				CLANG_WARN__DUPLICATE_METHOD_MATCH = YES;
				COPY_PHASE_STRIP = NO;
				DEBUG_INFORMATION_FORMAT = "dwarf-with-dsym";
				ENABLE_NS_ASSERTIONS = NO;
				ENABLE_STRICT_OBJC_MSGSEND = YES;
				GCC_C_LANGUAGE_STANDARD = gnu11;
				GCC_NO_COMMON_BLOCKS = YES;
				GCC_WARN_64_TO_32_BIT_CONVERSION = YES;
				GCC_WARN_ABOUT_RETURN_TYPE = YES_ERROR;
				GCC_WARN_UNDECLARED_SELECTOR = YES;
				GCC_WARN_UNINITIALIZED_AUTOS = YES_AGGRESSIVE;
				GCC_WARN_UNUSED_FUNCTION = YES;
				GCC_WARN_UNUSED_VARIABLE = YES;
				IPHONEOS_DEPLOYMENT_TARGET = 13.5;
				MTL_ENABLE_DEBUG_INFO = NO;
				MTL_FAST_MATH = YES;
				SDKROOT = iphoneos;
				SWIFT_COMPILATION_MODE = wholemodule;
				SWIFT_OPTIMIZATION_LEVEL = "-O";
				VALIDATE_PRODUCT = YES;
			};
			name = Release;
		};
		5903E4942492977200E3CDB9 /* Debug */ = {
			isa = XCBuildConfiguration;
			buildSettings = {
				ASSETCATALOG_COMPILER_APPICON_NAME = AppIcon;
				CODE_SIGN_STYLE = Automatic;
				DEVELOPMENT_ASSET_PATHS = "\"Challenge 10 Rewards/Preview Content\"";
				DEVELOPMENT_TEAM = L2T9XB5368;
				ENABLE_PREVIEWS = YES;
				INFOPLIST_FILE = "Challenge 10 Rewards/Info.plist";
				LD_RUNPATH_SEARCH_PATHS = (
					"$(inherited)",
					"@executable_path/Frameworks",
				);
				PRODUCT_BUNDLE_IDENTIFIER = "com.bigmountainstudio.Challenge-10-Rewards";
				PRODUCT_NAME = "$(TARGET_NAME)";
				SWIFT_VERSION = 5.0;
				TARGETED_DEVICE_FAMILY = "1,2";
			};
			name = Debug;
		};
		5903E4952492977200E3CDB9 /* Release */ = {
			isa = XCBuildConfiguration;
			buildSettings = {
				ASSETCATALOG_COMPILER_APPICON_NAME = AppIcon;
				CODE_SIGN_STYLE = Automatic;
				DEVELOPMENT_ASSET_PATHS = "\"Challenge 10 Rewards/Preview Content\"";
				DEVELOPMENT_TEAM = L2T9XB5368;
				ENABLE_PREVIEWS = YES;
				INFOPLIST_FILE = "Challenge 10 Rewards/Info.plist";
				LD_RUNPATH_SEARCH_PATHS = (
					"$(inherited)",
					"@executable_path/Frameworks",
				);
				PRODUCT_BUNDLE_IDENTIFIER = "com.bigmountainstudio.Challenge-10-Rewards";
				PRODUCT_NAME = "$(TARGET_NAME)";
				SWIFT_VERSION = 5.0;
				TARGETED_DEVICE_FAMILY = "1,2";
			};
			name = Release;
		};
/* End XCBuildConfiguration section */

/* Begin XCConfigurationList section */
		5903E47A2492977100E3CDB9 /* Build configuration list for PBXProject "Challenge 10 Rewards" */ = {
			isa = XCConfigurationList;
			buildConfigurations = (
				5903E4912492977200E3CDB9 /* Debug */,
				5903E4922492977200E3CDB9 /* Release */,
			);
			defaultConfigurationIsVisible = 0;
			defaultConfigurationName = Release;
		};
		5903E4932492977200E3CDB9 /* Build configuration list for PBXNativeTarget "Challenge 10 Rewards" */ = {
			isa = XCConfigurationList;
			buildConfigurations = (
				5903E4942492977200E3CDB9 /* Debug */,
				5903E4952492977200E3CDB9 /* Release */,
			);
			defaultConfigurationIsVisible = 0;
			defaultConfigurationName = Release;
		};
/* End XCConfigurationList section */
	};
	rootObject = 5903E4772492977100E3CDB9 /* Project object */;
}
