// !$*UTF8*$!
{
	archiveVersion = 1;
	classes = {
	};
	objectVersion = 50;
	objects = {

/* Begin PBXBuildFile section */
		5931FDFE2485C90A00129FD3 /* AppDelegate.swift in Sources */ = {isa = PBXBuildFile; fileRef = 5931FDFD2485C90A00129FD3 /* AppDelegate.swift */; };
		5931FE002485C90A00129FD3 /* SceneDelegate.swift in Sources */ = {isa = PBXBuildFile; fileRef = 5931FDFF2485C90A00129FD3 /* SceneDelegate.swift */; };
		5931FE022485C90A00129FD3 /* ContentView.swift in Sources */ = {isa = PBXBuildFile; fileRef = 5931FE012485C90A00129FD3 /* ContentView.swift */; };
		5931FE042485C90C00129FD3 /* Assets.xcassets in Resources */ = {isa = PBXBuildFile; fileRef = 5931FE032485C90C00129FD3 /* Assets.xcassets */; };
		5931FE072485C90C00129FD3 /* Preview Assets.xcassets in Resources */ = {isa = PBXBuildFile; fileRef = 5931FE062485C90C00129FD3 /* Preview Assets.xcassets */; };
		5931FE0A2485C90C00129FD3 /* LaunchScreen.storyboard in Resources */ = {isa = PBXBuildFile; fileRef = 5931FE082485C90C00129FD3 /* LaunchScreen.storyboard */; };
		5931FE2D2485D55C00129FD3 /* Onboarding1_1.swift in Sources */ = {isa = PBXBuildFile; fileRef = 5931FE2A2485D55B00129FD3 /* Onboarding1_1.swift */; };
		5931FE2E2485D55C00129FD3 /* Onboarding1_3.swift in Sources */ = {isa = PBXBuildFile; fileRef = 5931FE2B2485D55B00129FD3 /* Onboarding1_3.swift */; };
		5931FE2F2485D55C00129FD3 /* Onboarding1_2.swift in Sources */ = {isa = PBXBuildFile; fileRef = 5931FE2C2485D55B00129FD3 /* Onboarding1_2.swift */; };
		5931FE322485D58300129FD3 /* ColorExtensions.swift in Sources */ = {isa = PBXBuildFile; fileRef = 5931FE312485D58300129FD3 /* ColorExtensions.swift */; };
		5931FE342485D9AE00129FD3 /* Onboarding2_1.swift in Sources */ = {isa = PBXBuildFile; fileRef = 5931FE332485D9AE00129FD3 /* Onboarding2_1.swift */; };
		5931FE362485DD3F00129FD3 /* Onboarding2_2.swift in Sources */ = {isa = PBXBuildFile; fileRef = 5931FE352485DD3F00129FD3 /* Onboarding2_2.swift */; };
		5931FE382485DD4A00129FD3 /* Onboarding2_3.swift in Sources */ = {isa = PBXBuildFile; fileRef = 5931FE372485DD4A00129FD3 /* Onboarding2_3.swift */; };
		5931FE3A2485E23800129FD3 /* Onboarding3_1.swift in Sources */ = {isa = PBXBuildFile; fileRef = 5931FE392485E23800129FD3 /* Onboarding3_1.swift */; };
		5931FE3C2485E59100129FD3 /* Onboarding3_2.swift in Sources */ = {isa = PBXBuildFile; fileRef = 5931FE3B2485E59100129FD3 /* Onboarding3_2.swift */; };
		5931FE3E2485E59E00129FD3 /* Onboarding3_3.swift in Sources */ = {isa = PBXBuildFile; fileRef = 5931FE3D2485E59E00129FD3 /* Onboarding3_3.swift */; };
/* End PBXBuildFile section */

/* Begin PBXFileReference section */
		5931FDFA2485C90A00129FD3 /* Challenge 8 Rewards.app */ = {isa = PBXFileReference; explicitFileType = wrapper.application; includeInIndex = 0; path = "Challenge 8 Rewards.app"; sourceTree = BUILT_PRODUCTS_DIR; };
		5931FDFD2485C90A00129FD3 /* AppDelegate.swift */ = {isa = PBXFileReference; lastKnownFileType = sourcecode.swift; path = AppDelegate.swift; sourceTree = "<group>"; };
		5931FDFF2485C90A00129FD3 /* SceneDelegate.swift */ = {isa = PBXFileReference; lastKnownFileType = sourcecode.swift; path = SceneDelegate.swift; sourceTree = "<group>"; };
		5931FE012485C90A00129FD3 /* ContentView.swift */ = {isa = PBXFileReference; lastKnownFileType = sourcecode.swift; path = ContentView.swift; sourceTree = "<group>"; };
		5931FE032485C90C00129FD3 /* Assets.xcassets */ = {isa = PBXFileReference; lastKnownFileType = folder.assetcatalog; path = Assets.xcassets; sourceTree = "<group>"; };
		5931FE062485C90C00129FD3 /* Preview Assets.xcassets */ = {isa = PBXFileReference; lastKnownFileType = folder.assetcatalog; path = "Preview Assets.xcassets"; sourceTree = "<group>"; };
		5931FE092485C90C00129FD3 /* Base */ = {isa = PBXFileReference; lastKnownFileType = file.storyboard; name = Base; path = Base.lproj/LaunchScreen.storyboard; sourceTree = "<group>"; };
		5931FE0B2485C90C00129FD3 /* Info.plist */ = {isa = PBXFileReference; lastKnownFileType = text.plist.xml; path = Info.plist; sourceTree = "<group>"; };
		5931FE2A2485D55B00129FD3 /* Onboarding1_1.swift */ = {isa = PBXFileReference; fileEncoding = 4; lastKnownFileType = sourcecode.swift; path = Onboarding1_1.swift; sourceTree = "<group>"; };
		5931FE2B2485D55B00129FD3 /* Onboarding1_3.swift */ = {isa = PBXFileReference; fileEncoding = 4; lastKnownFileType = sourcecode.swift; path = Onboarding1_3.swift; sourceTree = "<group>"; };
		5931FE2C2485D55B00129FD3 /* Onboarding1_2.swift */ = {isa = PBXFileReference; fileEncoding = 4; lastKnownFileType = sourcecode.swift; path = Onboarding1_2.swift; sourceTree = "<group>"; };
		5931FE312485D58300129FD3 /* ColorExtensions.swift */ = {isa = PBXFileReference; fileEncoding = 4; lastKnownFileType = sourcecode.swift; path = ColorExtensions.swift; sourceTree = "<group>"; };
		5931FE332485D9AE00129FD3 /* Onboarding2_1.swift */ = {isa = PBXFileReference; lastKnownFileType = sourcecode.swift; path = Onboarding2_1.swift; sourceTree = "<group>"; };
		5931FE352485DD3F00129FD3 /* Onboarding2_2.swift */ = {isa = PBXFileReference; lastKnownFileType = sourcecode.swift; path = Onboarding2_2.swift; sourceTree = "<group>"; };
		5931FE372485DD4A00129FD3 /* Onboarding2_3.swift */ = {isa = PBXFileReference; lastKnownFileType = sourcecode.swift; path = Onboarding2_3.swift; sourceTree = "<group>"; };
		5931FE392485E23800129FD3 /* Onboarding3_1.swift */ = {isa = PBXFileReference; lastKnownFileType = sourcecode.swift; path = Onboarding3_1.swift; sourceTree = "<group>"; };
		5931FE3B2485E59100129FD3 /* Onboarding3_2.swift */ = {isa = PBXFileReference; lastKnownFileType = sourcecode.swift; path = Onboarding3_2.swift; sourceTree = "<group>"; };
		5931FE3D2485E59E00129FD3 /* Onboarding3_3.swift */ = {isa = PBXFileReference; lastKnownFileType = sourcecode.swift; path = Onboarding3_3.swift; sourceTree = "<group>"; };
/* End PBXFileReference section */

/* Begin PBXFrameworksBuildPhase section */
		5931FDF72485C90A00129FD3 /* Frameworks */ = {
			isa = PBXFrameworksBuildPhase;
			buildActionMask = 2147483647;
			files = (
			);
			runOnlyForDeploymentPostprocessing = 0;
		};
/* End PBXFrameworksBuildPhase section */

/* Begin PBXGroup section */
		5931FDF12485C90A00129FD3 = {
			isa = PBXGroup;
			children = (
				5931FDFC2485C90A00129FD3 /* Challenge 8 Rewards */,
				5931FDFB2485C90A00129FD3 /* Products */,
			);
			sourceTree = "<group>";
		};
		5931FDFB2485C90A00129FD3 /* Products */ = {
			isa = PBXGroup;
			children = (
				5931FDFA2485C90A00129FD3 /* Challenge 8 Rewards.app */,
			);
			name = Products;
			sourceTree = "<group>";
		};
		5931FDFC2485C90A00129FD3 /* Challenge 8 Rewards */ = {
			isa = PBXGroup;
			children = (
				5931FE302485D56900129FD3 /* Resources */,
				5931FE112485CB2E00129FD3 /* Practical Exercise */,
				5931FE172485CC0E00129FD3 /* Challenge Rewards */,
				5931FDFD2485C90A00129FD3 /* AppDelegate.swift */,
				5931FDFF2485C90A00129FD3 /* SceneDelegate.swift */,
				5931FE012485C90A00129FD3 /* ContentView.swift */,
				5931FE032485C90C00129FD3 /* Assets.xcassets */,
				5931FE082485C90C00129FD3 /* LaunchScreen.storyboard */,
				5931FE0B2485C90C00129FD3 /* Info.plist */,
				5931FE052485C90C00129FD3 /* Preview Content */,
			);
			path = "Challenge 8 Rewards";
			sourceTree = "<group>";
		};
		5931FE052485C90C00129FD3 /* Preview Content */ = {
			isa = PBXGroup;
			children = (
				5931FE062485C90C00129FD3 /* Preview Assets.xcassets */,
			);
			path = "Preview Content";
			sourceTree = "<group>";
		};
		5931FE112485CB2E00129FD3 /* Practical Exercise */ = {
			isa = PBXGroup;
			children = (
				5931FE292485D55B00129FD3 /* Onboarding1 */,
			);
			path = "Practical Exercise";
			sourceTree = "<group>";
		};
		5931FE172485CC0E00129FD3 /* Challenge Rewards */ = {
			isa = PBXGroup;
			children = (
				5931FE192485CCA600129FD3 /* Onboarding 2 */,
				5931FE182485CC9F00129FD3 /* Onboarding 3 */,
			);
			path = "Challenge Rewards";
			sourceTree = "<group>";
		};
		5931FE182485CC9F00129FD3 /* Onboarding 3 */ = {
			isa = PBXGroup;
			children = (
				5931FE392485E23800129FD3 /* Onboarding3_1.swift */,
				5931FE3B2485E59100129FD3 /* Onboarding3_2.swift */,
				5931FE3D2485E59E00129FD3 /* Onboarding3_3.swift */,
			);
			path = "Onboarding 3";
			sourceTree = "<group>";
		};
		5931FE192485CCA600129FD3 /* Onboarding 2 */ = {
			isa = PBXGroup;
			children = (
				5931FE332485D9AE00129FD3 /* Onboarding2_1.swift */,
				5931FE352485DD3F00129FD3 /* Onboarding2_2.swift */,
				5931FE372485DD4A00129FD3 /* Onboarding2_3.swift */,
			);
			path = "Onboarding 2";
			sourceTree = "<group>";
		};
		5931FE292485D55B00129FD3 /* Onboarding1 */ = {
			isa = PBXGroup;
			children = (
				5931FE2A2485D55B00129FD3 /* Onboarding1_1.swift */,
				5931FE2C2485D55B00129FD3 /* Onboarding1_2.swift */,
				5931FE2B2485D55B00129FD3 /* Onboarding1_3.swift */,
			);
			path = Onboarding1;
			sourceTree = "<group>";
		};
		5931FE302485D56900129FD3 /* Resources */ = {
			isa = PBXGroup;
			children = (
				5931FE312485D58300129FD3 /* ColorExtensions.swift */,
			);
			path = Resources;
			sourceTree = "<group>";
		};
/* End PBXGroup section */

/* Begin PBXNativeTarget section */
		5931FDF92485C90A00129FD3 /* Challenge 8 Rewards */ = {
			isa = PBXNativeTarget;
			buildConfigurationList = 5931FE0E2485C90C00129FD3 /* Build configuration list for PBXNativeTarget "Challenge 8 Rewards" */;
			buildPhases = (
				5931FDF62485C90A00129FD3 /* Sources */,
				5931FDF72485C90A00129FD3 /* Frameworks */,
				5931FDF82485C90A00129FD3 /* Resources */,
			);
			buildRules = (
			);
			dependencies = (
			);
			name = "Challenge 8 Rewards";
			productName = "Challenge 8 Rewards";
			productReference = 5931FDFA2485C90A00129FD3 /* Challenge 8 Rewards.app */;
			productType = "com.apple.product-type.application";
		};
/* End PBXNativeTarget section */

/* Begin PBXProject section */
		5931FDF22485C90A00129FD3 /* Project object */ = {
			isa = PBXProject;
			attributes = {
				LastSwiftUpdateCheck = 1150;
				LastUpgradeCheck = 1150;
				ORGANIZATIONNAME = "Mark Moeykens";
				TargetAttributes = {
					5931FDF92485C90A00129FD3 = {
						CreatedOnToolsVersion = 11.5;
					};
				};
			};
			buildConfigurationList = 5931FDF52485C90A00129FD3 /* Build configuration list for PBXProject "Challenge 8 Rewards" */;
			compatibilityVersion = "Xcode 9.3";
			developmentRegion = en;
			hasScannedForEncodings = 0;
			knownRegions = (
				en,
				Base,
			);
			mainGroup = 5931FDF12485C90A00129FD3;
			productRefGroup = 5931FDFB2485C90A00129FD3 /* Products */;
			projectDirPath = "";
			projectRoot = "";
			targets = (
				5931FDF92485C90A00129FD3 /* Challenge 8 Rewards */,
			);
		};
/* End PBXProject section */

/* Begin PBXResourcesBuildPhase section */
		5931FDF82485C90A00129FD3 /* Resources */ = {
			isa = PBXResourcesBuildPhase;
			buildActionMask = 2147483647;
			files = (
				5931FE0A2485C90C00129FD3 /* LaunchScreen.storyboard in Resources */,
				5931FE072485C90C00129FD3 /* Preview Assets.xcassets in Resources */,
				5931FE042485C90C00129FD3 /* Assets.xcassets in Resources */,
			);
			runOnlyForDeploymentPostprocessing = 0;
		};
/* End PBXResourcesBuildPhase section */

/* Begin PBXSourcesBuildPhase section */
		5931FDF62485C90A00129FD3 /* Sources */ = {
			isa = PBXSourcesBuildPhase;
			buildActionMask = 2147483647;
			files = (
				5931FE362485DD3F00129FD3 /* Onboarding2_2.swift in Sources */,
				5931FE3C2485E59100129FD3 /* Onboarding3_2.swift in Sources */,
				5931FE2E2485D55C00129FD3 /* Onboarding1_3.swift in Sources */,
				5931FDFE2485C90A00129FD3 /* AppDelegate.swift in Sources */,
				5931FE002485C90A00129FD3 /* SceneDelegate.swift in Sources */,
				5931FE342485D9AE00129FD3 /* Onboarding2_1.swift in Sources */,
				5931FE3A2485E23800129FD3 /* Onboarding3_1.swift in Sources */,
				5931FE382485DD4A00129FD3 /* Onboarding2_3.swift in Sources */,
				5931FE2F2485D55C00129FD3 /* Onboarding1_2.swift in Sources */,
				5931FE3E2485E59E00129FD3 /* Onboarding3_3.swift in Sources */,
				5931FE2D2485D55C00129FD3 /* Onboarding1_1.swift in Sources */,
				5931FE022485C90A00129FD3 /* ContentView.swift in Sources */,
				5931FE322485D58300129FD3 /* ColorExtensions.swift in Sources */,
			);
			runOnlyForDeploymentPostprocessing = 0;
		};
/* End PBXSourcesBuildPhase section */

/* Begin PBXVariantGroup section */
		5931FE082485C90C00129FD3 /* LaunchScreen.storyboard */ = {
			isa = PBXVariantGroup;
			children = (
				5931FE092485C90C00129FD3 /* Base */,
			);
			name = LaunchScreen.storyboard;
			sourceTree = "<group>";
		};
/* End PBXVariantGroup section */

/* Begin XCBuildConfiguration section */
		5931FE0C2485C90C00129FD3 /* Debug */ = {
			isa = XCBuildConfiguration;
			buildSettings = {
				ALWAYS_SEARCH_USER_PATHS = NO;
				CLANG_ANALYZER_NONNULL = YES;
				CLANG_ANALYZER_NUMBER_OBJECT_CONVERSION = YES_AGGRESSIVE;
				CLANG_CXX_LANGUAGE_STANDARD = "gnu++14";
				CLANG_CXX_LIBRARY = "libc++";
				CLANG_ENABLE_MODULES = YES;
				CLANG_ENABLE_OBJC_ARC = YES;
				CLANG_ENABLE_OBJC_WEAK = YES;
				CLANG_WARN_BLOCK_CAPTURE_AUTORELEASING = YES;
				CLANG_WARN_BOOL_CONVERSION = YES;
				CLANG_WARN_COMMA = YES;
				CLANG_WARN_CONSTANT_CONVERSION = YES;
				CLANG_WARN_DEPRECATED_OBJC_IMPLEMENTATIONS = YES;
				CLANG_WARN_DIRECT_OBJC_ISA_USAGE = YES_ERROR;
				CLANG_WARN_DOCUMENTATION_COMMENTS = YES;
				CLANG_WARN_EMPTY_BODY = YES;
				CLANG_WARN_ENUM_CONVERSION = YES;
				CLANG_WARN_INFINITE_RECURSION = YES;
				CLANG_WARN_INT_CONVERSION = YES;
				CLANG_WARN_NON_LITERAL_NULL_CONVERSION = YES;
				CLANG_WARN_OBJC_IMPLICIT_RETAIN_SELF = YES;
				CLANG_WARN_OBJC_LITERAL_CONVERSION = YES;
				CLANG_WARN_OBJC_ROOT_CLASS = YES_ERROR;
				CLANG_WARN_RANGE_LOOP_ANALYSIS = YES;
				CLANG_WARN_STRICT_PROTOTYPES = YES;
				CLANG_WARN_SUSPICIOUS_MOVE = YES;
				CLANG_WARN_UNGUARDED_AVAILABILITY = YES_AGGRESSIVE;
				CLANG_WARN_UNREACHABLE_CODE = YES;
				CLANG_WARN__DUPLICATE_METHOD_MATCH = YES;
				COPY_PHASE_STRIP = NO;
				DEBUG_INFORMATION_FORMAT = dwarf;
				ENABLE_STRICT_OBJC_MSGSEND = YES;
				ENABLE_TESTABILITY = YES;
				GCC_C_LANGUAGE_STANDARD = gnu11;
				GCC_DYNAMIC_NO_PIC = NO;
				GCC_NO_COMMON_BLOCKS = YES;
				GCC_OPTIMIZATION_LEVEL = 0;
				GCC_PREPROCESSOR_DEFINITIONS = (
					"DEBUG=1",
					"$(inherited)",
				);
				GCC_WARN_64_TO_32_BIT_CONVERSION = YES;
				GCC_WARN_ABOUT_RETURN_TYPE = YES_ERROR;
				GCC_WARN_UNDECLARED_SELECTOR = YES;
				GCC_WARN_UNINITIALIZED_AUTOS = YES_AGGRESSIVE;
				GCC_WARN_UNUSED_FUNCTION = YES;
				GCC_WARN_UNUSED_VARIABLE = YES;
				IPHONEOS_DEPLOYMENT_TARGET = 13.5;
				MTL_ENABLE_DEBUG_INFO = INCLUDE_SOURCE;
				MTL_FAST_MATH = YES;
				ONLY_ACTIVE_ARCH = YES;
				SDKROOT = iphoneos;
				SWIFT_ACTIVE_COMPILATION_CONDITIONS = DEBUG;
				SWIFT_OPTIMIZATION_LEVEL = "-Onone";
			};
			name = Debug;
		};
		5931FE0D2485C90C00129FD3 /* Release */ = {
			isa = XCBuildConfiguration;
			buildSettings = {
				ALWAYS_SEARCH_USER_PATHS = NO;
				CLANG_ANALYZER_NONNULL = YES;
				CLANG_ANALYZER_NUMBER_OBJECT_CONVERSION = YES_AGGRESSIVE;
				CLANG_CXX_LANGUAGE_STANDARD = "gnu++14";
				CLANG_CXX_LIBRARY = "libc++";
				CLANG_ENABLE_MODULES = YES;
				CLANG_ENABLE_OBJC_ARC = YES;
				CLANG_ENABLE_OBJC_WEAK = YES;
				CLANG_WARN_BLOCK_CAPTURE_AUTORELEASING = YES;
				CLANG_WARN_BOOL_CONVERSION = YES;
				CLANG_WARN_COMMA = YES;
				CLANG_WARN_CONSTANT_CONVERSION = YES;
				CLANG_WARN_DEPRECATED_OBJC_IMPLEMENTATIONS = YES;
				CLANG_WARN_DIRECT_OBJC_ISA_USAGE = YES_ERROR;
				CLANG_WARN_DOCUMENTATION_COMMENTS = YES;
				CLANG_WARN_EMPTY_BODY = YES;
				CLANG_WARN_ENUM_CONVERSION = YES;
				CLANG_WARN_INFINITE_RECURSION = YES;
				CLANG_WARN_INT_CONVERSION = YES;
				CLANG_WARN_NON_LITERAL_NULL_CONVERSION = YES;
				CLANG_WARN_OBJC_IMPLICIT_RETAIN_SELF = YES;
				CLANG_WARN_OBJC_LITERAL_CONVERSION = YES;
				CLANG_WARN_OBJC_ROOT_CLASS = YES_ERROR;
				CLANG_WARN_RANGE_LOOP_ANALYSIS = YES;
				CLANG_WARN_STRICT_PROTOTYPES = YES;
				CLANG_WARN_SUSPICIOUS_MOVE = YES;
				CLANG_WARN_UNGUARDED_AVAILABILITY = YES_AGGRESSIVE;
				CLANG_WARN_UNREACHABLE_CODE = YES;
				CLANG_WARN__DUPLICATE_METHOD_MATCH = YES;
				COPY_PHASE_STRIP = NO;
				DEBUG_INFORMATION_FORMAT = "dwarf-with-dsym";
				ENABLE_NS_ASSERTIONS = NO;
				ENABLE_STRICT_OBJC_MSGSEND = YES;
				GCC_C_LANGUAGE_STANDARD = gnu11;
				GCC_NO_COMMON_BLOCKS = YES;
				GCC_WARN_64_TO_32_BIT_CONVERSION = YES;
				GCC_WARN_ABOUT_RETURN_TYPE = YES_ERROR;
				GCC_WARN_UNDECLARED_SELECTOR = YES;
				GCC_WARN_UNINITIALIZED_AUTOS = YES_AGGRESSIVE;
				GCC_WARN_UNUSED_FUNCTION = YES;
				GCC_WARN_UNUSED_VARIABLE = YES;
				IPHONEOS_DEPLOYMENT_TARGET = 13.5;
				MTL_ENABLE_DEBUG_INFO = NO;
				MTL_FAST_MATH = YES;
				SDKROOT = iphoneos;
				SWIFT_COMPILATION_MODE = wholemodule;
				SWIFT_OPTIMIZATION_LEVEL = "-O";
				VALIDATE_PRODUCT = YES;
			};
			name = Release;
		};
		5931FE0F2485C90C00129FD3 /* Debug */ = {
			isa = XCBuildConfiguration;
			buildSettings = {
				ASSETCATALOG_COMPILER_APPICON_NAME = AppIcon;
				CODE_SIGN_STYLE = Automatic;
				DEVELOPMENT_ASSET_PATHS = "\"Challenge 8 Rewards/Preview Content\"";
				DEVELOPMENT_TEAM = 9DZ3L8V7AK;
				ENABLE_PREVIEWS = YES;
				INFOPLIST_FILE = "Challenge 8 Rewards/Info.plist";
				LD_RUNPATH_SEARCH_PATHS = (
					"$(inherited)",
					"@executable_path/Frameworks",
				);
				PRODUCT_BUNDLE_IDENTIFIER = "com.usana.Challenge-8-Rewards";
				PRODUCT_NAME = "$(TARGET_NAME)";
				SWIFT_VERSION = 5.0;
				TARGETED_DEVICE_FAMILY = "1,2";
			};
			name = Debug;
		};
		5931FE102485C90C00129FD3 /* Release */ = {
			isa = XCBuildConfiguration;
			buildSettings = {
				ASSETCATALOG_COMPILER_APPICON_NAME = AppIcon;
				CODE_SIGN_STYLE = Automatic;
				DEVELOPMENT_ASSET_PATHS = "\"Challenge 8 Rewards/Preview Content\"";
				DEVELOPMENT_TEAM = 9DZ3L8V7AK;
				ENABLE_PREVIEWS = YES;
				INFOPLIST_FILE = "Challenge 8 Rewards/Info.plist";
				LD_RUNPATH_SEARCH_PATHS = (
					"$(inherited)",
					"@executable_path/Frameworks",
				);
				PRODUCT_BUNDLE_IDENTIFIER = "com.usana.Challenge-8-Rewards";
				PRODUCT_NAME = "$(TARGET_NAME)";
				SWIFT_VERSION = 5.0;
				TARGETED_DEVICE_FAMILY = "1,2";
			};
			name = Release;
		};
/* End XCBuildConfiguration section */

/* Begin XCConfigurationList section */
		5931FDF52485C90A00129FD3 /* Build configuration list for PBXProject "Challenge 8 Rewards" */ = {
			isa = XCConfigurationList;
			buildConfigurations = (
				5931FE0C2485C90C00129FD3 /* Debug */,
				5931FE0D2485C90C00129FD3 /* Release */,
			);
			defaultConfigurationIsVisible = 0;
			defaultConfigurationName = Release;
		};
		5931FE0E2485C90C00129FD3 /* Build configuration list for PBXNativeTarget "Challenge 8 Rewards" */ = {
			isa = XCConfigurationList;
			buildConfigurations = (
				5931FE0F2485C90C00129FD3 /* Debug */,
				5931FE102485C90C00129FD3 /* Release */,
			);
			defaultConfigurationIsVisible = 0;
			defaultConfigurationName = Release;
		};
/* End XCConfigurationList section */
	};
	rootObject = 5931FDF22485C90A00129FD3 /* Project object */;
}
