// !$*UTF8*$!
{
	archiveVersion = 1;
	classes = {
	};
	objectVersion = 50;
	objects = {

/* Begin PBXBuildFile section */
		5980A840246F47DD0028FF4E /* AppDelegate.swift in Sources */ = {isa = PBXBuildFile; fileRef = 5980A83F246F47DD0028FF4E /* AppDelegate.swift */; };
		5980A842246F47DD0028FF4E /* SceneDelegate.swift in Sources */ = {isa = PBXBuildFile; fileRef = 5980A841246F47DD0028FF4E /* SceneDelegate.swift */; };
		5980A844246F47DD0028FF4E /* ContentView.swift in Sources */ = {isa = PBXBuildFile; fileRef = 5980A843246F47DD0028FF4E /* ContentView.swift */; };
		5980A846246F47DE0028FF4E /* Assets.xcassets in Resources */ = {isa = PBXBuildFile; fileRef = 5980A845246F47DE0028FF4E /* Assets.xcassets */; };
		5980A849246F47DE0028FF4E /* Preview Assets.xcassets in Resources */ = {isa = PBXBuildFile; fileRef = 5980A848246F47DE0028FF4E /* Preview Assets.xcassets */; };
		5980A84C246F47DE0028FF4E /* LaunchScreen.storyboard in Resources */ = {isa = PBXBuildFile; fileRef = 5980A84A246F47DE0028FF4E /* LaunchScreen.storyboard */; };
		5980A856246F4C000028FF4E /* HStackPractical.swift in Sources */ = {isa = PBXBuildFile; fileRef = 5980A855246F4C000028FF4E /* HStackPractical.swift */; };
		5980A858246F4C200028FF4E /* c2_1.swift in Sources */ = {isa = PBXBuildFile; fileRef = 5980A857246F4C200028FF4E /* c2_1.swift */; };
		5980A85A246F4D140028FF4E /* c2_2.swift in Sources */ = {isa = PBXBuildFile; fileRef = 5980A859246F4D140028FF4E /* c2_2.swift */; };
		59D3D5472491BFEA00A7F85F /* c2_3.swift in Sources */ = {isa = PBXBuildFile; fileRef = 59D3D5462491BFEA00A7F85F /* c2_3.swift */; };
/* End PBXBuildFile section */

/* Begin PBXFileReference section */
		5980A83C246F47DD0028FF4E /* Challenge2.app */ = {isa = PBXFileReference; explicitFileType = wrapper.application; includeInIndex = 0; path = Challenge2.app; sourceTree = BUILT_PRODUCTS_DIR; };
		5980A83F246F47DD0028FF4E /* AppDelegate.swift */ = {isa = PBXFileReference; lastKnownFileType = sourcecode.swift; path = AppDelegate.swift; sourceTree = "<group>"; };
		5980A841246F47DD0028FF4E /* SceneDelegate.swift */ = {isa = PBXFileReference; lastKnownFileType = sourcecode.swift; path = SceneDelegate.swift; sourceTree = "<group>"; };
		5980A843246F47DD0028FF4E /* ContentView.swift */ = {isa = PBXFileReference; lastKnownFileType = sourcecode.swift; path = ContentView.swift; sourceTree = "<group>"; };
		5980A845246F47DE0028FF4E /* Assets.xcassets */ = {isa = PBXFileReference; lastKnownFileType = folder.assetcatalog; path = Assets.xcassets; sourceTree = "<group>"; };
		5980A848246F47DE0028FF4E /* Preview Assets.xcassets */ = {isa = PBXFileReference; lastKnownFileType = folder.assetcatalog; path = "Preview Assets.xcassets"; sourceTree = "<group>"; };
		5980A84B246F47DE0028FF4E /* Base */ = {isa = PBXFileReference; lastKnownFileType = file.storyboard; name = Base; path = Base.lproj/LaunchScreen.storyboard; sourceTree = "<group>"; };
		5980A84D246F47DE0028FF4E /* Info.plist */ = {isa = PBXFileReference; lastKnownFileType = text.plist.xml; path = Info.plist; sourceTree = "<group>"; };
		5980A855246F4C000028FF4E /* HStackPractical.swift */ = {isa = PBXFileReference; fileEncoding = 4; lastKnownFileType = sourcecode.swift; path = HStackPractical.swift; sourceTree = "<group>"; };
		5980A857246F4C200028FF4E /* c2_1.swift */ = {isa = PBXFileReference; fileEncoding = 4; lastKnownFileType = sourcecode.swift; path = c2_1.swift; sourceTree = "<group>"; };
		5980A859246F4D140028FF4E /* c2_2.swift */ = {isa = PBXFileReference; lastKnownFileType = sourcecode.swift; path = c2_2.swift; sourceTree = "<group>"; };
		59D3D5462491BFEA00A7F85F /* c2_3.swift */ = {isa = PBXFileReference; lastKnownFileType = sourcecode.swift; path = c2_3.swift; sourceTree = "<group>"; };
/* End PBXFileReference section */

/* Begin PBXFrameworksBuildPhase section */
		5980A839246F47DD0028FF4E /* Frameworks */ = {
			isa = PBXFrameworksBuildPhase;
			buildActionMask = 2147483647;
			files = (
			);
			runOnlyForDeploymentPostprocessing = 0;
		};
/* End PBXFrameworksBuildPhase section */

/* Begin PBXGroup section */
		5980A833246F47DD0028FF4E = {
			isa = PBXGroup;
			children = (
				5980A83E246F47DD0028FF4E /* Challenge2 */,
				5980A83D246F47DD0028FF4E /* Products */,
			);
			sourceTree = "<group>";
		};
		5980A83D246F47DD0028FF4E /* Products */ = {
			isa = PBXGroup;
			children = (
				5980A83C246F47DD0028FF4E /* Challenge2.app */,
			);
			name = Products;
			sourceTree = "<group>";
		};
		5980A83E246F47DD0028FF4E /* Challenge2 */ = {
			isa = PBXGroup;
			children = (
				5980A854246F4BCA0028FF4E /* PracticalExercise */,
				5980A853246F4BBE0028FF4E /* Rewards */,
				5980A83F246F47DD0028FF4E /* AppDelegate.swift */,
				5980A841246F47DD0028FF4E /* SceneDelegate.swift */,
				5980A843246F47DD0028FF4E /* ContentView.swift */,
				5980A845246F47DE0028FF4E /* Assets.xcassets */,
				5980A84A246F47DE0028FF4E /* LaunchScreen.storyboard */,
				5980A84D246F47DE0028FF4E /* Info.plist */,
				5980A847246F47DE0028FF4E /* Preview Content */,
			);
			path = Challenge2;
			sourceTree = "<group>";
		};
		5980A847246F47DE0028FF4E /* Preview Content */ = {
			isa = PBXGroup;
			children = (
				5980A848246F47DE0028FF4E /* Preview Assets.xcassets */,
			);
			path = "Preview Content";
			sourceTree = "<group>";
		};
		5980A853246F4BBE0028FF4E /* Rewards */ = {
			isa = PBXGroup;
			children = (
				5980A857246F4C200028FF4E /* c2_1.swift */,
				5980A859246F4D140028FF4E /* c2_2.swift */,
				59D3D5462491BFEA00A7F85F /* c2_3.swift */,
			);
			path = Rewards;
			sourceTree = "<group>";
		};
		5980A854246F4BCA0028FF4E /* PracticalExercise */ = {
			isa = PBXGroup;
			children = (
				5980A855246F4C000028FF4E /* HStackPractical.swift */,
			);
			path = PracticalExercise;
			sourceTree = "<group>";
		};
/* End PBXGroup section */

/* Begin PBXNativeTarget section */
		5980A83B246F47DD0028FF4E /* Challenge2 */ = {
			isa = PBXNativeTarget;
			buildConfigurationList = 5980A850246F47DE0028FF4E /* Build configuration list for PBXNativeTarget "Challenge2" */;
			buildPhases = (
				5980A838246F47DD0028FF4E /* Sources */,
				5980A839246F47DD0028FF4E /* Frameworks */,
				5980A83A246F47DD0028FF4E /* Resources */,
			);
			buildRules = (
			);
			dependencies = (
			);
			name = Challenge2;
			productName = Challenge2;
			productReference = 5980A83C246F47DD0028FF4E /* Challenge2.app */;
			productType = "com.apple.product-type.application";
		};
/* End PBXNativeTarget section */

/* Begin PBXProject section */
		5980A834246F47DD0028FF4E /* Project object */ = {
			isa = PBXProject;
			attributes = {
				LastSwiftUpdateCheck = 1140;
				LastUpgradeCheck = 1140;
				ORGANIZATIONNAME = "Mark Moeykens";
				TargetAttributes = {
					5980A83B246F47DD0028FF4E = {
						CreatedOnToolsVersion = 11.4.1;
					};
				};
			};
			buildConfigurationList = 5980A837246F47DD0028FF4E /* Build configuration list for PBXProject "Challenge2" */;
			compatibilityVersion = "Xcode 9.3";
			developmentRegion = en;
			hasScannedForEncodings = 0;
			knownRegions = (
				en,
				Base,
			);
			mainGroup = 5980A833246F47DD0028FF4E;
			productRefGroup = 5980A83D246F47DD0028FF4E /* Products */;
			projectDirPath = "";
			projectRoot = "";
			targets = (
				5980A83B246F47DD0028FF4E /* Challenge2 */,
			);
		};
/* End PBXProject section */

/* Begin PBXResourcesBuildPhase section */
		5980A83A246F47DD0028FF4E /* Resources */ = {
			isa = PBXResourcesBuildPhase;
			buildActionMask = 2147483647;
			files = (
				5980A84C246F47DE0028FF4E /* LaunchScreen.storyboard in Resources */,
				5980A849246F47DE0028FF4E /* Preview Assets.xcassets in Resources */,
				5980A846246F47DE0028FF4E /* Assets.xcassets in Resources */,
			);
			runOnlyForDeploymentPostprocessing = 0;
		};
/* End PBXResourcesBuildPhase section */

/* Begin PBXSourcesBuildPhase section */
		5980A838246F47DD0028FF4E /* Sources */ = {
			isa = PBXSourcesBuildPhase;
			buildActionMask = 2147483647;
			files = (
				59D3D5472491BFEA00A7F85F /* c2_3.swift in Sources */,
				5980A840246F47DD0028FF4E /* AppDelegate.swift in Sources */,
				5980A856246F4C000028FF4E /* HStackPractical.swift in Sources */,
				5980A858246F4C200028FF4E /* c2_1.swift in Sources */,
				5980A842246F47DD0028FF4E /* SceneDelegate.swift in Sources */,
				5980A844246F47DD0028FF4E /* ContentView.swift in Sources */,
				5980A85A246F4D140028FF4E /* c2_2.swift in Sources */,
			);
			runOnlyForDeploymentPostprocessing = 0;
		};
/* End PBXSourcesBuildPhase section */

/* Begin PBXVariantGroup section */
		5980A84A246F47DE0028FF4E /* LaunchScreen.storyboard */ = {
			isa = PBXVariantGroup;
			children = (
				5980A84B246F47DE0028FF4E /* Base */,
			);
			name = LaunchScreen.storyboard;
			sourceTree = "<group>";
		};
/* End PBXVariantGroup section */

/* Begin XCBuildConfiguration section */
		5980A84E246F47DE0028FF4E /* Debug */ = {
			isa = XCBuildConfiguration;
			buildSettings = {
				ALWAYS_SEARCH_USER_PATHS = NO;
				CLANG_ANALYZER_NONNULL = YES;
				CLANG_ANALYZER_NUMBER_OBJECT_CONVERSION = YES_AGGRESSIVE;
				CLANG_CXX_LANGUAGE_STANDARD = "gnu++14";
				CLANG_CXX_LIBRARY = "libc++";
				CLANG_ENABLE_MODULES = YES;
				CLANG_ENABLE_OBJC_ARC = YES;
				CLANG_ENABLE_OBJC_WEAK = YES;
				CLANG_WARN_BLOCK_CAPTURE_AUTORELEASING = YES;
				CLANG_WARN_BOOL_CONVERSION = YES;
				CLANG_WARN_COMMA = YES;
				CLANG_WARN_CONSTANT_CONVERSION = YES;
				CLANG_WARN_DEPRECATED_OBJC_IMPLEMENTATIONS = YES;
				CLANG_WARN_DIRECT_OBJC_ISA_USAGE = YES_ERROR;
				CLANG_WARN_DOCUMENTATION_COMMENTS = YES;
				CLANG_WARN_EMPTY_BODY = YES;
				CLANG_WARN_ENUM_CONVERSION = YES;
				CLANG_WARN_INFINITE_RECURSION = YES;
				CLANG_WARN_INT_CONVERSION = YES;
				CLANG_WARN_NON_LITERAL_NULL_CONVERSION = YES;
				CLANG_WARN_OBJC_IMPLICIT_RETAIN_SELF = YES;
				CLANG_WARN_OBJC_LITERAL_CONVERSION = YES;
				CLANG_WARN_OBJC_ROOT_CLASS = YES_ERROR;
				CLANG_WARN_RANGE_LOOP_ANALYSIS = YES;
				CLANG_WARN_STRICT_PROTOTYPES = YES;
				CLANG_WARN_SUSPICIOUS_MOVE = YES;
				CLANG_WARN_UNGUARDED_AVAILABILITY = YES_AGGRESSIVE;
				CLANG_WARN_UNREACHABLE_CODE = YES;
				CLANG_WARN__DUPLICATE_METHOD_MATCH = YES;
				COPY_PHASE_STRIP = NO;
				DEBUG_INFORMATION_FORMAT = dwarf;
				ENABLE_STRICT_OBJC_MSGSEND = YES;
				ENABLE_TESTABILITY = YES;
				GCC_C_LANGUAGE_STANDARD = gnu11;
				GCC_DYNAMIC_NO_PIC = NO;
				GCC_NO_COMMON_BLOCKS = YES;
				GCC_OPTIMIZATION_LEVEL = 0;
				GCC_PREPROCESSOR_DEFINITIONS = (
					"DEBUG=1",
					"$(inherited)",
				);
				GCC_WARN_64_TO_32_BIT_CONVERSION = YES;
				GCC_WARN_ABOUT_RETURN_TYPE = YES_ERROR;
				GCC_WARN_UNDECLARED_SELECTOR = YES;
				GCC_WARN_UNINITIALIZED_AUTOS = YES_AGGRESSIVE;
				GCC_WARN_UNUSED_FUNCTION = YES;
				GCC_WARN_UNUSED_VARIABLE = YES;
				IPHONEOS_DEPLOYMENT_TARGET = 13.4;
				MTL_ENABLE_DEBUG_INFO = INCLUDE_SOURCE;
				MTL_FAST_MATH = YES;
				ONLY_ACTIVE_ARCH = YES;
				SDKROOT = iphoneos;
				SWIFT_ACTIVE_COMPILATION_CONDITIONS = DEBUG;
				SWIFT_OPTIMIZATION_LEVEL = "-Onone";
			};
			name = Debug;
		};
		5980A84F246F47DE0028FF4E /* Release */ = {
			isa = XCBuildConfiguration;
			buildSettings = {
				ALWAYS_SEARCH_USER_PATHS = NO;
				CLANG_ANALYZER_NONNULL = YES;
				CLANG_ANALYZER_NUMBER_OBJECT_CONVERSION = YES_AGGRESSIVE;
				CLANG_CXX_LANGUAGE_STANDARD = "gnu++14";
				CLANG_CXX_LIBRARY = "libc++";
				CLANG_ENABLE_MODULES = YES;
				CLANG_ENABLE_OBJC_ARC = YES;
				CLANG_ENABLE_OBJC_WEAK = YES;
				CLANG_WARN_BLOCK_CAPTURE_AUTORELEASING = YES;
				CLANG_WARN_BOOL_CONVERSION = YES;
				CLANG_WARN_COMMA = YES;
				CLANG_WARN_CONSTANT_CONVERSION = YES;
				CLANG_WARN_DEPRECATED_OBJC_IMPLEMENTATIONS = YES;
				CLANG_WARN_DIRECT_OBJC_ISA_USAGE = YES_ERROR;
				CLANG_WARN_DOCUMENTATION_COMMENTS = YES;
				CLANG_WARN_EMPTY_BODY = YES;
				CLANG_WARN_ENUM_CONVERSION = YES;
				CLANG_WARN_INFINITE_RECURSION = YES;
				CLANG_WARN_INT_CONVERSION = YES;
				CLANG_WARN_NON_LITERAL_NULL_CONVERSION = YES;
				CLANG_WARN_OBJC_IMPLICIT_RETAIN_SELF = YES;
				CLANG_WARN_OBJC_LITERAL_CONVERSION = YES;
				CLANG_WARN_OBJC_ROOT_CLASS = YES_ERROR;
				CLANG_WARN_RANGE_LOOP_ANALYSIS = YES;
				CLANG_WARN_STRICT_PROTOTYPES = YES;
				CLANG_WARN_SUSPICIOUS_MOVE = YES;
				CLANG_WARN_UNGUARDED_AVAILABILITY = YES_AGGRESSIVE;
				CLANG_WARN_UNREACHABLE_CODE = YES;
				CLANG_WARN__DUPLICATE_METHOD_MATCH = YES;
				COPY_PHASE_STRIP = NO;
				DEBUG_INFORMATION_FORMAT = "dwarf-with-dsym";
				ENABLE_NS_ASSERTIONS = NO;
				ENABLE_STRICT_OBJC_MSGSEND = YES;
				GCC_C_LANGUAGE_STANDARD = gnu11;
				GCC_NO_COMMON_BLOCKS = YES;
				GCC_WARN_64_TO_32_BIT_CONVERSION = YES;
				GCC_WARN_ABOUT_RETURN_TYPE = YES_ERROR;
				GCC_WARN_UNDECLARED_SELECTOR = YES;
				GCC_WARN_UNINITIALIZED_AUTOS = YES_AGGRESSIVE;
				GCC_WARN_UNUSED_FUNCTION = YES;
				GCC_WARN_UNUSED_VARIABLE = YES;
				IPHONEOS_DEPLOYMENT_TARGET = 13.4;
				MTL_ENABLE_DEBUG_INFO = NO;
				MTL_FAST_MATH = YES;
				SDKROOT = iphoneos;
				SWIFT_COMPILATION_MODE = wholemodule;
				SWIFT_OPTIMIZATION_LEVEL = "-O";
				VALIDATE_PRODUCT = YES;
			};
			name = Release;
		};
		5980A851246F47DE0028FF4E /* Debug */ = {
			isa = XCBuildConfiguration;
			buildSettings = {
				ASSETCATALOG_COMPILER_APPICON_NAME = AppIcon;
				CODE_SIGN_STYLE = Automatic;
				DEVELOPMENT_ASSET_PATHS = "\"Challenge2/Preview Content\"";
				DEVELOPMENT_TEAM = 9DZ3L8V7AK;
				ENABLE_PREVIEWS = YES;
				INFOPLIST_FILE = Challenge2/Info.plist;
				LD_RUNPATH_SEARCH_PATHS = (
					"$(inherited)",
					"@executable_path/Frameworks",
				);
				PRODUCT_BUNDLE_IDENTIFIER = com.usana.Challenge2;
				PRODUCT_NAME = "$(TARGET_NAME)";
				SWIFT_VERSION = 5.0;
				TARGETED_DEVICE_FAMILY = "1,2";
			};
			name = Debug;
		};
		5980A852246F47DE0028FF4E /* Release */ = {
			isa = XCBuildConfiguration;
			buildSettings = {
				ASSETCATALOG_COMPILER_APPICON_NAME = AppIcon;
				CODE_SIGN_STYLE = Automatic;
				DEVELOPMENT_ASSET_PATHS = "\"Challenge2/Preview Content\"";
				DEVELOPMENT_TEAM = 9DZ3L8V7AK;
				ENABLE_PREVIEWS = YES;
				INFOPLIST_FILE = Challenge2/Info.plist;
				LD_RUNPATH_SEARCH_PATHS = (
					"$(inherited)",
					"@executable_path/Frameworks",
				);
				PRODUCT_BUNDLE_IDENTIFIER = com.usana.Challenge2;
				PRODUCT_NAME = "$(TARGET_NAME)";
				SWIFT_VERSION = 5.0;
				TARGETED_DEVICE_FAMILY = "1,2";
			};
			name = Release;
		};
/* End XCBuildConfiguration section */

/* Begin XCConfigurationList section */
		5980A837246F47DD0028FF4E /* Build configuration list for PBXProject "Challenge2" */ = {
			isa = XCConfigurationList;
			buildConfigurations = (
				5980A84E246F47DE0028FF4E /* Debug */,
				5980A84F246F47DE0028FF4E /* Release */,
			);
			defaultConfigurationIsVisible = 0;
			defaultConfigurationName = Release;
		};
		5980A850246F47DE0028FF4E /* Build configuration list for PBXNativeTarget "Challenge2" */ = {
			isa = XCConfigurationList;
			buildConfigurations = (
				5980A851246F47DE0028FF4E /* Debug */,
				5980A852246F47DE0028FF4E /* Release */,
			);
			defaultConfigurationIsVisible = 0;
			defaultConfigurationName = Release;
		};
/* End XCConfigurationList section */
	};
	rootObject = 5980A834246F47DD0028FF4E /* Project object */;
}
