// !$*UTF8*$!
{
	archiveVersion = 1;
	classes = {
	};
	objectVersion = 56;
	objects = {

/* Begin PBXBuildFile section */
		5A6976D22B1A1F33001B5730 /* _1__OnboardingApp.swift in Sources */ = {isa = PBXBuildFile; fileRef = 5A6976D12B1A1F33001B5730 /* _1__OnboardingApp.swift */; };
		5A6976D42B1A1F33001B5730 /* ContentView.swift in Sources */ = {isa = PBXBuildFile; fileRef = 5A6976D32B1A1F33001B5730 /* ContentView.swift */; };
		5A6976D62B1A1F35001B5730 /* Assets.xcassets in Resources */ = {isa = PBXBuildFile; fileRef = 5A6976D52B1A1F35001B5730 /* Assets.xcassets */; };
		5A6976D92B1A1F35001B5730 /* Preview Assets.xcassets in Resources */ = {isa = PBXBuildFile; fileRef = 5A6976D82B1A1F35001B5730 /* Preview Assets.xcassets */; };
		5A6976E12B1A1FF0001B5730 /* Onboarding1_1.swift in Sources */ = {isa = PBXBuildFile; fileRef = 5A6976E02B1A1FF0001B5730 /* Onboarding1_1.swift */; };
		5A6976E32B1A1FF8001B5730 /* Onboarding1_2.swift in Sources */ = {isa = PBXBuildFile; fileRef = 5A6976E22B1A1FF8001B5730 /* Onboarding1_2.swift */; };
		5A6976E52B1A2002001B5730 /* Onboarding1_3.swift in Sources */ = {isa = PBXBuildFile; fileRef = 5A6976E42B1A2002001B5730 /* Onboarding1_3.swift */; };
		5A6976EC2B1A4094001B5730 /* LICENSE in Resources */ = {isa = PBXBuildFile; fileRef = 5A6976EB2B1A4094001B5730 /* LICENSE */; };
/* End PBXBuildFile section */

/* Begin PBXFileReference section */
		5A6976CE2B1A1F33001B5730 /* 01. Onboarding.app */ = {isa = PBXFileReference; explicitFileType = wrapper.application; includeInIndex = 0; path = "01. Onboarding.app"; sourceTree = BUILT_PRODUCTS_DIR; };
		5A6976D12B1A1F33001B5730 /* _1__OnboardingApp.swift */ = {isa = PBXFileReference; lastKnownFileType = sourcecode.swift; path = _1__OnboardingApp.swift; sourceTree = "<group>"; };
		5A6976D32B1A1F33001B5730 /* ContentView.swift */ = {isa = PBXFileReference; lastKnownFileType = sourcecode.swift; path = ContentView.swift; sourceTree = "<group>"; };
		5A6976D52B1A1F35001B5730 /* Assets.xcassets */ = {isa = PBXFileReference; lastKnownFileType = folder.assetcatalog; path = Assets.xcassets; sourceTree = "<group>"; };
		5A6976D82B1A1F35001B5730 /* Preview Assets.xcassets */ = {isa = PBXFileReference; lastKnownFileType = folder.assetcatalog; path = "Preview Assets.xcassets"; sourceTree = "<group>"; };
		5A6976E02B1A1FF0001B5730 /* Onboarding1_1.swift */ = {isa = PBXFileReference; lastKnownFileType = sourcecode.swift; path = Onboarding1_1.swift; sourceTree = "<group>"; };
		5A6976E22B1A1FF8001B5730 /* Onboarding1_2.swift */ = {isa = PBXFileReference; lastKnownFileType = sourcecode.swift; path = Onboarding1_2.swift; sourceTree = "<group>"; };
		5A6976E42B1A2002001B5730 /* Onboarding1_3.swift */ = {isa = PBXFileReference; lastKnownFileType = sourcecode.swift; path = Onboarding1_3.swift; sourceTree = "<group>"; };
		5A6976EB2B1A4094001B5730 /* LICENSE */ = {isa = PBXFileReference; fileEncoding = 4; lastKnownFileType = text; name = LICENSE; path = ../../../LICENSE; sourceTree = "<group>"; };
/* End PBXFileReference section */

/* Begin PBXFrameworksBuildPhase section */
		5A6976CB2B1A1F33001B5730 /* Frameworks */ = {
			isa = PBXFrameworksBuildPhase;
			buildActionMask = 2147483647;
			files = (
			);
			runOnlyForDeploymentPostprocessing = 0;
		};
/* End PBXFrameworksBuildPhase section */

/* Begin PBXGroup section */
		5A6976C52B1A1F33001B5730 = {
			isa = PBXGroup;
			children = (
				5A6976D02B1A1F33001B5730 /* 01. Onboarding */,
				5A6976CF2B1A1F33001B5730 /* Products */,
			);
			sourceTree = "<group>";
		};
		5A6976CF2B1A1F33001B5730 /* Products */ = {
			isa = PBXGroup;
			children = (
				5A6976CE2B1A1F33001B5730 /* 01. Onboarding.app */,
			);
			name = Products;
			sourceTree = "<group>";
		};
		5A6976D02B1A1F33001B5730 /* 01. Onboarding */ = {
			isa = PBXGroup;
			children = (
				5A6976DF2B1A1FDC001B5730 /* Onboarding1 */,
				5A6976D12B1A1F33001B5730 /* _1__OnboardingApp.swift */,
				5A6976D32B1A1F33001B5730 /* ContentView.swift */,
				5A6976D52B1A1F35001B5730 /* Assets.xcassets */,
				5A6976EB2B1A4094001B5730 /* LICENSE */,
				5A6976D72B1A1F35001B5730 /* Preview Content */,
			);
			path = "01. Onboarding";
			sourceTree = "<group>";
		};
		5A6976D72B1A1F35001B5730 /* Preview Content */ = {
			isa = PBXGroup;
			children = (
				5A6976D82B1A1F35001B5730 /* Preview Assets.xcassets */,
			);
			path = "Preview Content";
			sourceTree = "<group>";
		};
		5A6976DF2B1A1FDC001B5730 /* Onboarding1 */ = {
			isa = PBXGroup;
			children = (
				5A6976E02B1A1FF0001B5730 /* Onboarding1_1.swift */,
				5A6976E22B1A1FF8001B5730 /* Onboarding1_2.swift */,
				5A6976E42B1A2002001B5730 /* Onboarding1_3.swift */,
			);
			path = Onboarding1;
			sourceTree = "<group>";
		};
/* End PBXGroup section */

/* Begin PBXNativeTarget section */
		5A6976CD2B1A1F33001B5730 /* 01. Onboarding */ = {
			isa = PBXNativeTarget;
			buildConfigurationList = 5A6976DC2B1A1F35001B5730 /* Build configuration list for PBXNativeTarget "01. Onboarding" */;
			buildPhases = (
				5A6976CA2B1A1F33001B5730 /* Sources */,
				5A6976CB2B1A1F33001B5730 /* Frameworks */,
				5A6976CC2B1A1F33001B5730 /* Resources */,
			);
			buildRules = (
			);
			dependencies = (
			);
			name = "01. Onboarding";
			productName = "01. Onboarding";
			productReference = 5A6976CE2B1A1F33001B5730 /* 01. Onboarding.app */;
			productType = "com.apple.product-type.application";
		};
/* End PBXNativeTarget section */

/* Begin PBXProject section */
		5A6976C62B1A1F33001B5730 /* Project object */ = {
			isa = PBXProject;
			attributes = {
				BuildIndependentTargetsInParallel = 1;
				LastSwiftUpdateCheck = 1500;
				LastUpgradeCheck = 1500;
				TargetAttributes = {
					5A6976CD2B1A1F33001B5730 = {
						CreatedOnToolsVersion = 15.0.1;
					};
				};
			};
			buildConfigurationList = 5A6976C92B1A1F33001B5730 /* Build configuration list for PBXProject "01. Onboarding" */;
			compatibilityVersion = "Xcode 14.0";
			developmentRegion = en;
			hasScannedForEncodings = 0;
			knownRegions = (
				en,
				Base,
			);
			mainGroup = 5A6976C52B1A1F33001B5730;
			productRefGroup = 5A6976CF2B1A1F33001B5730 /* Products */;
			projectDirPath = "";
			projectRoot = "";
			targets = (
				5A6976CD2B1A1F33001B5730 /* 01. Onboarding */,
			);
		};
/* End PBXProject section */

/* Begin PBXResourcesBuildPhase section */
		5A6976CC2B1A1F33001B5730 /* Resources */ = {
			isa = PBXResourcesBuildPhase;
			buildActionMask = 2147483647;
			files = (
				5A6976EC2B1A4094001B5730 /* LICENSE in Resources */,
				5A6976D92B1A1F35001B5730 /* Preview Assets.xcassets in Resources */,
				5A6976D62B1A1F35001B5730 /* Assets.xcassets in Resources */,
			);
			runOnlyForDeploymentPostprocessing = 0;
		};
/* End PBXResourcesBuildPhase section */

/* Begin PBXSourcesBuildPhase section */
		5A6976CA2B1A1F33001B5730 /* Sources */ = {
			isa = PBXSourcesBuildPhase;
			buildActionMask = 2147483647;
			files = (
				5A6976E52B1A2002001B5730 /* Onboarding1_3.swift in Sources */,
				5A6976D42B1A1F33001B5730 /* ContentView.swift in Sources */,
				5A6976D22B1A1F33001B5730 /* _1__OnboardingApp.swift in Sources */,
				5A6976E12B1A1FF0001B5730 /* Onboarding1_1.swift in Sources */,
				5A6976E32B1A1FF8001B5730 /* Onboarding1_2.swift in Sources */,
			);
			runOnlyForDeploymentPostprocessing = 0;
		};
/* End PBXSourcesBuildPhase section */

/* Begin XCBuildConfiguration section */
		5A6976DA2B1A1F35001B5730 /* Debug */ = {
			isa = XCBuildConfiguration;
			buildSettings = {
				ALWAYS_SEARCH_USER_PATHS = NO;
				ASSETCATALOG_COMPILER_GENERATE_SWIFT_ASSET_SYMBOL_EXTENSIONS = YES;
				CLANG_ANALYZER_NONNULL = YES;
				CLANG_ANALYZER_NUMBER_OBJECT_CONVERSION = YES_AGGRESSIVE;
				CLANG_CXX_LANGUAGE_STANDARD = "gnu++20";
				CLANG_ENABLE_MODULES = YES;
				CLANG_ENABLE_OBJC_ARC = YES;
				CLANG_ENABLE_OBJC_WEAK = YES;
				CLANG_WARN_BLOCK_CAPTURE_AUTORELEASING = YES;
				CLANG_WARN_BOOL_CONVERSION = YES;
				CLANG_WARN_COMMA = YES;
				CLANG_WARN_CONSTANT_CONVERSION = YES;
				CLANG_WARN_DEPRECATED_OBJC_IMPLEMENTATIONS = YES;
				CLANG_WARN_DIRECT_OBJC_ISA_USAGE = YES_ERROR;
				CLANG_WARN_DOCUMENTATION_COMMENTS = YES;
				CLANG_WARN_EMPTY_BODY = YES;
				CLANG_WARN_ENUM_CONVERSION = YES;
				CLANG_WARN_INFINITE_RECURSION = YES;
				CLANG_WARN_INT_CONVERSION = YES;
				CLANG_WARN_NON_LITERAL_NULL_CONVERSION = YES;
				CLANG_WARN_OBJC_IMPLICIT_RETAIN_SELF = YES;
				CLANG_WARN_OBJC_LITERAL_CONVERSION = YES;
				CLANG_WARN_OBJC_ROOT_CLASS = YES_ERROR;
				CLANG_WARN_QUOTED_INCLUDE_IN_FRAMEWORK_HEADER = YES;
				CLANG_WARN_RANGE_LOOP_ANALYSIS = YES;
				CLANG_WARN_STRICT_PROTOTYPES = YES;
				CLANG_WARN_SUSPICIOUS_MOVE = YES;
				CLANG_WARN_UNGUARDED_AVAILABILITY = YES_AGGRESSIVE;
				CLANG_WARN_UNREACHABLE_CODE = YES;
				CLANG_WARN__DUPLICATE_METHOD_MATCH = YES;
				COPY_PHASE_STRIP = NO;
				DEBUG_INFORMATION_FORMAT = dwarf;
				ENABLE_STRICT_OBJC_MSGSEND = YES;
				ENABLE_TESTABILITY = YES;
				ENABLE_USER_SCRIPT_SANDBOXING = YES;
				GCC_C_LANGUAGE_STANDARD = gnu17;
				GCC_DYNAMIC_NO_PIC = NO;
				GCC_NO_COMMON_BLOCKS = YES;
				GCC_OPTIMIZATION_LEVEL = 0;
				GCC_PREPROCESSOR_DEFINITIONS = (
					"DEBUG=1",
					"$(inherited)",
				);
				GCC_WARN_64_TO_32_BIT_CONVERSION = YES;
				GCC_WARN_ABOUT_RETURN_TYPE = YES_ERROR;
				GCC_WARN_UNDECLARED_SELECTOR = YES;
				GCC_WARN_UNINITIALIZED_AUTOS = YES_AGGRESSIVE;
				GCC_WARN_UNUSED_FUNCTION = YES;
				GCC_WARN_UNUSED_VARIABLE = YES;
				IPHONEOS_DEPLOYMENT_TARGET = 17.0;
				LOCALIZATION_PREFERS_STRING_CATALOGS = YES;
				MTL_ENABLE_DEBUG_INFO = INCLUDE_SOURCE;
				MTL_FAST_MATH = YES;
				ONLY_ACTIVE_ARCH = YES;
				SDKROOT = iphoneos;
				SWIFT_ACTIVE_COMPILATION_CONDITIONS = "DEBUG $(inherited)";
				SWIFT_OPTIMIZATION_LEVEL = "-Onone";
			};
			name = Debug;
		};
		5A6976DB2B1A1F35001B5730 /* Release */ = {
			isa = XCBuildConfiguration;
			buildSettings = {
				ALWAYS_SEARCH_USER_PATHS = NO;
				ASSETCATALOG_COMPILER_GENERATE_SWIFT_ASSET_SYMBOL_EXTENSIONS = YES;
				CLANG_ANALYZER_NONNULL = YES;
				CLANG_ANALYZER_NUMBER_OBJECT_CONVERSION = YES_AGGRESSIVE;
				CLANG_CXX_LANGUAGE_STANDARD = "gnu++20";
				CLANG_ENABLE_MODULES = YES;
				CLANG_ENABLE_OBJC_ARC = YES;
				CLANG_ENABLE_OBJC_WEAK = YES;
				CLANG_WARN_BLOCK_CAPTURE_AUTORELEASING = YES;
				CLANG_WARN_BOOL_CONVERSION = YES;
				CLANG_WARN_COMMA = YES;
				CLANG_WARN_CONSTANT_CONVERSION = YES;
				CLANG_WARN_DEPRECATED_OBJC_IMPLEMENTATIONS = YES;
				CLANG_WARN_DIRECT_OBJC_ISA_USAGE = YES_ERROR;
				CLANG_WARN_DOCUMENTATION_COMMENTS = YES;
				CLANG_WARN_EMPTY_BODY = YES;
				CLANG_WARN_ENUM_CONVERSION = YES;
				CLANG_WARN_INFINITE_RECURSION = YES;
				CLANG_WARN_INT_CONVERSION = YES;
				CLANG_WARN_NON_LITERAL_NULL_CONVERSION = YES;
				CLANG_WARN_OBJC_IMPLICIT_RETAIN_SELF = YES;
				CLANG_WARN_OBJC_LITERAL_CONVERSION = YES;
				CLANG_WARN_OBJC_ROOT_CLASS = YES_ERROR;
				CLANG_WARN_QUOTED_INCLUDE_IN_FRAMEWORK_HEADER = YES;
				CLANG_WARN_RANGE_LOOP_ANALYSIS = YES;
				CLANG_WARN_STRICT_PROTOTYPES = YES;
				CLANG_WARN_SUSPICIOUS_MOVE = YES;
				CLANG_WARN_UNGUARDED_AVAILABILITY = YES_AGGRESSIVE;
				CLANG_WARN_UNREACHABLE_CODE = YES;
				CLANG_WARN__DUPLICATE_METHOD_MATCH = YES;
				COPY_PHASE_STRIP = NO;
				DEBUG_INFORMATION_FORMAT = "dwarf-with-dsym";
				ENABLE_NS_ASSERTIONS = NO;
				ENABLE_STRICT_OBJC_MSGSEND = YES;
				ENABLE_USER_SCRIPT_SANDBOXING = YES;
				GCC_C_LANGUAGE_STANDARD = gnu17;
				GCC_NO_COMMON_BLOCKS = YES;
				GCC_WARN_64_TO_32_BIT_CONVERSION = YES;
				GCC_WARN_ABOUT_RETURN_TYPE = YES_ERROR;
				GCC_WARN_UNDECLARED_SELECTOR = YES;
				GCC_WARN_UNINITIALIZED_AUTOS = YES_AGGRESSIVE;
				GCC_WARN_UNUSED_FUNCTION = YES;
				GCC_WARN_UNUSED_VARIABLE = YES;
				IPHONEOS_DEPLOYMENT_TARGET = 17.0;
				LOCALIZATION_PREFERS_STRING_CATALOGS = YES;
				MTL_ENABLE_DEBUG_INFO = NO;
				MTL_FAST_MATH = YES;
				SDKROOT = iphoneos;
				SWIFT_COMPILATION_MODE = wholemodule;
				VALIDATE_PRODUCT = YES;
			};
			name = Release;
		};
		5A6976DD2B1A1F35001B5730 /* Debug */ = {
			isa = XCBuildConfiguration;
			buildSettings = {
				ASSETCATALOG_COMPILER_APPICON_NAME = AppIcon;
				ASSETCATALOG_COMPILER_GLOBAL_ACCENT_COLOR_NAME = AccentColor;
				CODE_SIGN_STYLE = Automatic;
				CURRENT_PROJECT_VERSION = 1;
				DEVELOPMENT_ASSET_PATHS = "\"01. Onboarding/Preview Content\"";
				ENABLE_PREVIEWS = YES;
				GENERATE_INFOPLIST_FILE = YES;
				INFOPLIST_KEY_UIApplicationSceneManifest_Generation = YES;
				INFOPLIST_KEY_UIApplicationSupportsIndirectInputEvents = YES;
				INFOPLIST_KEY_UILaunchScreen_Generation = YES;
				INFOPLIST_KEY_UISupportedInterfaceOrientations_iPad = "UIInterfaceOrientationPortrait UIInterfaceOrientationPortraitUpsideDown UIInterfaceOrientationLandscapeLeft UIInterfaceOrientationLandscapeRight";
				INFOPLIST_KEY_UISupportedInterfaceOrientations_iPhone = "UIInterfaceOrientationPortrait UIInterfaceOrientationLandscapeLeft UIInterfaceOrientationLandscapeRight";
				LD_RUNPATH_SEARCH_PATHS = (
					"$(inherited)",
					"@executable_path/Frameworks",
				);
				MARKETING_VERSION = 1.0;
				PRODUCT_BUNDLE_IDENTIFIER = "ph.joashtubaga.-1--Onboarding";
				PRODUCT_NAME = "$(TARGET_NAME)";
				SWIFT_EMIT_LOC_STRINGS = YES;
				SWIFT_VERSION = 5.0;
				TARGETED_DEVICE_FAMILY = "1,2";
			};
			name = Debug;
		};
		5A6976DE2B1A1F35001B5730 /* Release */ = {
			isa = XCBuildConfiguration;
			buildSettings = {
				ASSETCATALOG_COMPILER_APPICON_NAME = AppIcon;
				ASSETCATALOG_COMPILER_GLOBAL_ACCENT_COLOR_NAME = AccentColor;
				CODE_SIGN_STYLE = Automatic;
				CURRENT_PROJECT_VERSION = 1;
				DEVELOPMENT_ASSET_PATHS = "\"01. Onboarding/Preview Content\"";
				ENABLE_PREVIEWS = YES;
				GENERATE_INFOPLIST_FILE = YES;
				INFOPLIST_KEY_UIApplicationSceneManifest_Generation = YES;
				INFOPLIST_KEY_UIApplicationSupportsIndirectInputEvents = YES;
				INFOPLIST_KEY_UILaunchScreen_Generation = YES;
				INFOPLIST_KEY_UISupportedInterfaceOrientations_iPad = "UIInterfaceOrientationPortrait UIInterfaceOrientationPortraitUpsideDown UIInterfaceOrientationLandscapeLeft UIInterfaceOrientationLandscapeRight";
				INFOPLIST_KEY_UISupportedInterfaceOrientations_iPhone = "UIInterfaceOrientationPortrait UIInterfaceOrientationLandscapeLeft UIInterfaceOrientationLandscapeRight";
				LD_RUNPATH_SEARCH_PATHS = (
					"$(inherited)",
					"@executable_path/Frameworks",
				);
				MARKETING_VERSION = 1.0;
				PRODUCT_BUNDLE_IDENTIFIER = "ph.joashtubaga.-1--Onboarding";
				PRODUCT_NAME = "$(TARGET_NAME)";
				SWIFT_EMIT_LOC_STRINGS = YES;
				SWIFT_VERSION = 5.0;
				TARGETED_DEVICE_FAMILY = "1,2";
			};
			name = Release;
		};
/* End XCBuildConfiguration section */

/* Begin XCConfigurationList section */
		5A6976C92B1A1F33001B5730 /* Build configuration list for PBXProject "01. Onboarding" */ = {
			isa = XCConfigurationList;
			buildConfigurations = (
				5A6976DA2B1A1F35001B5730 /* Debug */,
				5A6976DB2B1A1F35001B5730 /* Release */,
			);
			defaultConfigurationIsVisible = 0;
			defaultConfigurationName = Release;
		};
		5A6976DC2B1A1F35001B5730 /* Build configuration list for PBXNativeTarget "01. Onboarding" */ = {
			isa = XCConfigurationList;
			buildConfigurations = (
				5A6976DD2B1A1F35001B5730 /* Debug */,
				5A6976DE2B1A1F35001B5730 /* Release */,
			);
			defaultConfigurationIsVisible = 0;
			defaultConfigurationName = Release;
		};
/* End XCConfigurationList section */
	};
	rootObject = 5A6976C62B1A1F33001B5730 /* Project object */;
}
